
Microsoft Visual Studio Solution File, Format Version 12.00
# Visual Studio Version 17
VisualStudioVersion = 17.8.34316.72
MinimumVisualStudioVersion = 10.0.40219.1
Project("{FAE04EC0-301F-11D3-BF4B-00C04F79EFBC}") = "SimpleArrayList", "SimpleArrayList.csproj", "{FDC6CD2B-CB89-40D1-B6F3-774FC9C32285}"
EndProject
Global
	GlobalSection(SolutionConfigurationPlatforms) = preSolution
		Debug|Any CPU = Debug|Any CPU
		Release|Any CPU = Release|Any CPU
	EndGlobalSection
	GlobalSection(ProjectConfigurationPlatforms) = postSolution
		{FDC6CD2B-CB89-40D1-B6F3-774FC9C32285}.Debug|Any CPU.ActiveCfg = Debug|Any CPU
		{FDC6CD2B-CB89-40D1-B6F3-774FC9C32285}.Debug|Any CPU.Build.0 = Debug|Any CPU
		{FDC6CD2B-CB89-40D1-B6F3-774FC9C32285}.Release|Any CPU.ActiveCfg = Release|Any CPU
		{FDC6CD2B-CB89-40D1-B6F3-774FC9C32285}.Release|Any CPU.Build.0 = Release|Any CPU
	EndGlobalSection
	GlobalSection(SolutionProperties) = preSolution
		HideSolutionNode = FALSE
	EndGlobalSection
	GlobalSection(ExtensibilityGlobals) = postSolution
		SolutionGuid = {251BEFAA-4008-4131-9E45-6D07515C00B9}
	EndGlobalSection
EndGlobal
