
Microsoft Visual Studio Solution File, Format Version 12.00
# Visual Studio Version 17
VisualStudioVersion = 17.8.34316.72
MinimumVisualStudioVersion = 10.0.40219.1
Project("{FAE04EC0-301F-11D3-BF4B-00C04F79EFBC}") = "ExtensionExample", "ExtensionExample.csproj", "{213E6811-5195-4BCB-B417-3D56D088E7EF}"
EndProject
Project("{FAE04EC0-301F-11D3-BF4B-00C04F79EFBC}") = "Inheritance", "..\Inheritance\Inheritance.csproj", "{5745C054-06FB-4FE2-8114-A62288DC34C3}"
EndProject
Project("{FAE04EC0-301F-11D3-BF4B-00C04F79EFBC}") = "Banking App", "..\Banking App\Banking App.csproj", "{4F071F2D-7603-4C7F-A938-F37F35FA2B0D}"
EndProject
Global
	GlobalSection(SolutionConfigurationPlatforms) = preSolution
		Debug|Any CPU = Debug|Any CPU
		Release|Any CPU = Release|Any CPU
	EndGlobalSection
	GlobalSection(ProjectConfigurationPlatforms) = postSolution
		{213E6811-5195-4BCB-B417-3D56D088E7EF}.Debug|Any CPU.ActiveCfg = Debug|Any CPU
		{213E6811-5195-4BCB-B417-3D56D088E7EF}.Debug|Any CPU.Build.0 = Debug|Any CPU
		{213E6811-5195-4BCB-B417-3D56D088E7EF}.Release|Any CPU.ActiveCfg = Release|Any CPU
		{213E6811-5195-4BCB-B417-3D56D088E7EF}.Release|Any CPU.Build.0 = Release|Any CPU
		{5745C054-06FB-4FE2-8114-A62288DC34C3}.Debug|Any CPU.ActiveCfg = Debug|Any CPU
		{5745C054-06FB-4FE2-8114-A62288DC34C3}.Debug|Any CPU.Build.0 = Debug|Any CPU
		{5745C054-06FB-4FE2-8114-A62288DC34C3}.Release|Any CPU.ActiveCfg = Release|Any CPU
		{5745C054-06FB-4FE2-8114-A62288DC34C3}.Release|Any CPU.Build.0 = Release|Any CPU
		{4F071F2D-7603-4C7F-A938-F37F35FA2B0D}.Debug|Any CPU.ActiveCfg = Debug|Any CPU
		{4F071F2D-7603-4C7F-A938-F37F35FA2B0D}.Debug|Any CPU.Build.0 = Debug|Any CPU
		{4F071F2D-7603-4C7F-A938-F37F35FA2B0D}.Release|Any CPU.ActiveCfg = Release|Any CPU
		{4F071F2D-7603-4C7F-A938-F37F35FA2B0D}.Release|Any CPU.Build.0 = Release|Any CPU
	EndGlobalSection
	GlobalSection(SolutionProperties) = preSolution
		HideSolutionNode = FALSE
	EndGlobalSection
	GlobalSection(ExtensibilityGlobals) = postSolution
		SolutionGuid = {F3055B0C-5E9B-4735-96E5-6F4FD2D1112B}
	EndGlobalSection
EndGlobal
