
Microsoft Visual Studio Solution File, Format Version 12.00
# Visual Studio Version 17
VisualStudioVersion = 17.8.34316.72
MinimumVisualStudioVersion = 10.0.40219.1
Project("{FAE04EC0-301F-11D3-BF4B-00C04F79EFBC}") = "AdonetDemo", "AdonetDemo.csproj", "{A87C5139-AEAB-4FE2-8198-F93A28DDFF17}"
EndProject
Global
	GlobalSection(SolutionConfigurationPlatforms) = preSolution
		Debug|Any CPU = Debug|Any CPU
		Release|Any CPU = Release|Any CPU
	EndGlobalSection
	GlobalSection(ProjectConfigurationPlatforms) = postSolution
		{A87C5139-AEAB-4FE2-8198-F93A28DDFF17}.Debug|Any CPU.ActiveCfg = Debug|Any CPU
		{A87C5139-AEAB-4FE2-8198-F93A28DDFF17}.Debug|Any CPU.Build.0 = Debug|Any CPU
		{A87C5139-AEAB-4FE2-8198-F93A28DDFF17}.Release|Any CPU.ActiveCfg = Release|Any CPU
		{A87C5139-AEAB-4FE2-8198-F93A28DDFF17}.Release|Any CPU.Build.0 = Release|Any CPU
	EndGlobalSection
	GlobalSection(SolutionProperties) = preSolution
		HideSolutionNode = FALSE
	EndGlobalSection
	GlobalSection(ExtensibilityGlobals) = postSolution
		SolutionGuid = {3BB5D1D0-4A16-40AC-9B3F-854313EF435A}
	EndGlobalSection
EndGlobal
