
Microsoft Visual Studio Solution File, Format Version 12.00
# Visual Studio Version 17
VisualStudioVersion = 17.8.34316.72
MinimumVisualStudioVersion = 10.0.40219.1
Project("{FAE04EC0-301F-11D3-BF4B-00C04F79EFBC}") = "Banking", "Banking.csproj", "{27EF215A-E5C9-4020-BCFC-7EDD4340840A}"
EndProject
Global
	GlobalSection(SolutionConfigurationPlatforms) = preSolution
		Debug|Any CPU = Debug|Any CPU
		Release|Any CPU = Release|Any CPU
	EndGlobalSection
	GlobalSection(ProjectConfigurationPlatforms) = postSolution
		{27EF215A-E5C9-4020-BCFC-7EDD4340840A}.Debug|Any CPU.ActiveCfg = Debug|Any CPU
		{27EF215A-E5C9-4020-BCFC-7EDD4340840A}.Debug|Any CPU.Build.0 = Debug|Any CPU
		{27EF215A-E5C9-4020-BCFC-7EDD4340840A}.Release|Any CPU.ActiveCfg = Release|Any CPU
		{27EF215A-E5C9-4020-BCFC-7EDD4340840A}.Release|Any CPU.Build.0 = Release|Any CPU
	EndGlobalSection
	GlobalSection(SolutionProperties) = preSolution
		HideSolutionNode = FALSE
	EndGlobalSection
	GlobalSection(ExtensibilityGlobals) = postSolution
		SolutionGuid = {09F4A100-84F5-4074-BFB4-EA953E0FB0EA}
	EndGlobalSection
EndGlobal
