
Microsoft Visual Studio Solution File, Format Version 12.00
# Visual Studio Version 17
VisualStudioVersion = 17.8.34316.72
MinimumVisualStudioVersion = 10.0.40219.1
Project("{FAE04EC0-301F-11D3-BF4B-00C04F79EFBC}") = "MenuBased", "MenuBased.csproj", "{BD051B01-FA95-4ED4-96D5-9823B9D4351A}"
EndProject
Global
	GlobalSection(SolutionConfigurationPlatforms) = preSolution
		Debug|Any CPU = Debug|Any CPU
		Release|Any CPU = Release|Any CPU
	EndGlobalSection
	GlobalSection(ProjectConfigurationPlatforms) = postSolution
		{BD051B01-FA95-4ED4-96D5-9823B9D4351A}.Debug|Any CPU.ActiveCfg = Debug|Any CPU
		{BD051B01-FA95-4ED4-96D5-9823B9D4351A}.Debug|Any CPU.Build.0 = Debug|Any CPU
		{BD051B01-FA95-4ED4-96D5-9823B9D4351A}.Release|Any CPU.ActiveCfg = Release|Any CPU
		{BD051B01-FA95-4ED4-96D5-9823B9D4351A}.Release|Any CPU.Build.0 = Release|Any CPU
	EndGlobalSection
	GlobalSection(SolutionProperties) = preSolution
		HideSolutionNode = FALSE
	EndGlobalSection
	GlobalSection(ExtensibilityGlobals) = postSolution
		SolutionGuid = {6AE81228-B27B-4A4A-8B3C-14DB94360EBC}
	EndGlobalSection
EndGlobal
