
Microsoft Visual Studio Solution File, Format Version 12.00
# Visual Studio Version 17
VisualStudioVersion = 17.8.34316.72
MinimumVisualStudioVersion = 10.0.40219.1
Project("{FAE04EC0-301F-11D3-BF4B-00C04F79EFBC}") = "CompanyA", "CompanyA.csproj", "{4618A4CB-D14F-4F32-8ACB-6100B1901B06}"
EndProject
Project("{FAE04EC0-301F-11D3-BF4B-00C04F79EFBC}") = "CompanyB", "..\CompanyB\CompanyB.csproj", "{A0C8F0AA-8E32-4AD3-B02C-CF6581948589}"
EndProject
Project("{FAE04EC0-301F-11D3-BF4B-00C04F79EFBC}") = "ReportCollection", "..\ReportCollection\ReportCollection.csproj", "{2B465571-2455-4F12-8F83-DBB0019C6725}"
EndProject
Global
	GlobalSection(SolutionConfigurationPlatforms) = preSolution
		Debug|Any CPU = Debug|Any CPU
		Release|Any CPU = Release|Any CPU
	EndGlobalSection
	GlobalSection(ProjectConfigurationPlatforms) = postSolution
		{4618A4CB-D14F-4F32-8ACB-6100B1901B06}.Debug|Any CPU.ActiveCfg = Debug|Any CPU
		{4618A4CB-D14F-4F32-8ACB-6100B1901B06}.Debug|Any CPU.Build.0 = Debug|Any CPU
		{4618A4CB-D14F-4F32-8ACB-6100B1901B06}.Release|Any CPU.ActiveCfg = Release|Any CPU
		{4618A4CB-D14F-4F32-8ACB-6100B1901B06}.Release|Any CPU.Build.0 = Release|Any CPU
		{A0C8F0AA-8E32-4AD3-B02C-CF6581948589}.Debug|Any CPU.ActiveCfg = Debug|Any CPU
		{A0C8F0AA-8E32-4AD3-B02C-CF6581948589}.Debug|Any CPU.Build.0 = Debug|Any CPU
		{A0C8F0AA-8E32-4AD3-B02C-CF6581948589}.Release|Any CPU.ActiveCfg = Release|Any CPU
		{A0C8F0AA-8E32-4AD3-B02C-CF6581948589}.Release|Any CPU.Build.0 = Release|Any CPU
		{2B465571-2455-4F12-8F83-DBB0019C6725}.Debug|Any CPU.ActiveCfg = Debug|Any CPU
		{2B465571-2455-4F12-8F83-DBB0019C6725}.Debug|Any CPU.Build.0 = Debug|Any CPU
		{2B465571-2455-4F12-8F83-DBB0019C6725}.Release|Any CPU.ActiveCfg = Release|Any CPU
		{2B465571-2455-4F12-8F83-DBB0019C6725}.Release|Any CPU.Build.0 = Release|Any CPU
	EndGlobalSection
	GlobalSection(SolutionProperties) = preSolution
		HideSolutionNode = FALSE
	EndGlobalSection
	GlobalSection(ExtensibilityGlobals) = postSolution
		SolutionGuid = {6C0B3233-F9FB-462B-BBD8-26712AE117DF}
	EndGlobalSection
EndGlobal
